
Microsoft Visual Studio Solution File, Format Version 12.00
# Visual Studio Version 17
VisualStudioVersion = 17.7.34202.233
MinimumVisualStudioVersion = 10.0.40219.1
Project("{FAE04EC0-301F-11D3-BF4B-00C04F79EFBC}") = "FootballWorldCupScoreboard.Tests", "FootballWorldCupScoreboard.Tests\FootballWorldCupScoreboard.Tests.csproj", "{D1C9CA0D-D93C-468F-A31F-A6E3C2B9A903}"
EndProject
Project("{FAE04EC0-301F-11D3-BF4B-00C04F79EFBC}") = "FootballWorldCupScoreboard", "FootballWorldCupScoreboard\FootballWorldCupScoreboard.csproj", "{32C1AAE5-3F2D-4FEF-8293-9648144BF8DC}"
EndProject
Global
	GlobalSection(SolutionConfigurationPlatforms) = preSolution
		Debug|Any CPU = Debug|Any CPU
		Release|Any CPU = Release|Any CPU
	EndGlobalSection
	GlobalSection(ProjectConfigurationPlatforms) = postSolution
		{D1C9CA0D-D93C-468F-A31F-A6E3C2B9A903}.Debug|Any CPU.ActiveCfg = Debug|Any CPU
		{D1C9CA0D-D93C-468F-A31F-A6E3C2B9A903}.Debug|Any CPU.Build.0 = Debug|Any CPU
		{D1C9CA0D-D93C-468F-A31F-A6E3C2B9A903}.Release|Any CPU.ActiveCfg = Release|Any CPU
		{D1C9CA0D-D93C-468F-A31F-A6E3C2B9A903}.Release|Any CPU.Build.0 = Release|Any CPU
		{32C1AAE5-3F2D-4FEF-8293-9648144BF8DC}.Debug|Any CPU.ActiveCfg = Debug|Any CPU
		{32C1AAE5-3F2D-4FEF-8293-9648144BF8DC}.Debug|Any CPU.Build.0 = Debug|Any CPU
		{32C1AAE5-3F2D-4FEF-8293-9648144BF8DC}.Release|Any CPU.ActiveCfg = Release|Any CPU
		{32C1AAE5-3F2D-4FEF-8293-9648144BF8DC}.Release|Any CPU.Build.0 = Release|Any CPU
	EndGlobalSection
	GlobalSection(SolutionProperties) = preSolution
		HideSolutionNode = FALSE
	EndGlobalSection
	GlobalSection(ExtensibilityGlobals) = postSolution
		SolutionGuid = {FE1E2EED-8F90-4216-BC70-0E376DC0386F}
	EndGlobalSection
EndGlobal
